PODS:
  - DiStorage (0.3.0)
  - DiStorage/Tests (0.3.0):
    - OCMock
  - MBProgressHUD (1.2.0)
  - OCMock (3.9.3)

DEPENDENCIES:
  - DiStorage (from `../`)
  - DiStorage/Tests (from `../`)
  - MBProgressHUD

SPEC REPOS:
  https://github.com/CocoaPods/Specs.git:
    - MBProgressHUD
    - OCMock

EXTERNAL SOURCES:
  DiStorage:
    :path: "../"

SPEC CHECKSUMS:
  DiStorage: e0853114f3db4c02c727d0b2ec17b0f9598d6682
  MBProgressHUD: 3ee5efcc380f6a79a7cc9b363dd669c5e1ae7406
  OCMock: 300b1b1b9155cb6378660b981c2557448830bdc6

PODFILE CHECKSUM: c64204d78908b4ee510bf99bbab691f8b79fc25b

COCOAPODS: 1.15.2
